
Microsoft Visual Studio Solution File, Format Version 12.00
# Visual Studio Version 17
VisualStudioVersion = 17.11.35327.3
MinimumVisualStudioVersion = 10.0.40219.1
Project("{FAE04EC0-301F-11D3-BF4B-00C04F79EFBC}") = "6 Pamoka", "6 Pamoka.csproj", "{F973F8CF-501A-4B49-A79C-28E0B3B9B22D}"
EndProject
Global
	GlobalSection(SolutionConfigurationPlatforms) = preSolution
		Debug|Any CPU = Debug|Any CPU
		Release|Any CPU = Release|Any CPU
	EndGlobalSection
	GlobalSection(ProjectConfigurationPlatforms) = postSolution
		{F973F8CF-501A-4B49-A79C-28E0B3B9B22D}.Debug|Any CPU.ActiveCfg = Debug|Any CPU
		{F973F8CF-501A-4B49-A79C-28E0B3B9B22D}.Debug|Any CPU.Build.0 = Debug|Any CPU
		{F973F8CF-501A-4B49-A79C-28E0B3B9B22D}.Release|Any CPU.ActiveCfg = Release|Any CPU
		{F973F8CF-501A-4B49-A79C-28E0B3B9B22D}.Release|Any CPU.Build.0 = Release|Any CPU
	EndGlobalSection
	GlobalSection(SolutionProperties) = preSolution
		HideSolutionNode = FALSE
	EndGlobalSection
	GlobalSection(ExtensibilityGlobals) = postSolution
		SolutionGuid = {6596B6FC-45A3-42CB-9484-584BC1E7366D}
	EndGlobalSection
EndGlobal
