
Microsoft Visual Studio Solution File, Format Version 12.00
# Visual Studio Version 17
VisualStudioVersion = 17.11.35327.3
MinimumVisualStudioVersion = 10.0.40219.1
Project("{FAE04EC0-301F-11D3-BF4B-00C04F79EFBC}") = "8 pamoka", "8 pamoka.csproj", "{26BBCAD2-AFE2-4B1A-A0F9-665390A1313F}"
EndProject
Project("{FAE04EC0-301F-11D3-BF4B-00C04F79EFBC}") = "Test", "..\Test\Test.csproj", "{EB1B6295-D66E-4667-9B97-88767BF891E3}"
EndProject
Global
	GlobalSection(SolutionConfigurationPlatforms) = preSolution
		Debug|Any CPU = Debug|Any CPU
		Release|Any CPU = Release|Any CPU
	EndGlobalSection
	GlobalSection(ProjectConfigurationPlatforms) = postSolution
		{26BBCAD2-AFE2-4B1A-A0F9-665390A1313F}.Debug|Any CPU.ActiveCfg = Debug|Any CPU
		{26BBCAD2-AFE2-4B1A-A0F9-665390A1313F}.Debug|Any CPU.Build.0 = Debug|Any CPU
		{26BBCAD2-AFE2-4B1A-A0F9-665390A1313F}.Release|Any CPU.ActiveCfg = Release|Any CPU
		{26BBCAD2-AFE2-4B1A-A0F9-665390A1313F}.Release|Any CPU.Build.0 = Release|Any CPU
		{EB1B6295-D66E-4667-9B97-88767BF891E3}.Debug|Any CPU.ActiveCfg = Debug|Any CPU
		{EB1B6295-D66E-4667-9B97-88767BF891E3}.Debug|Any CPU.Build.0 = Debug|Any CPU
		{EB1B6295-D66E-4667-9B97-88767BF891E3}.Release|Any CPU.ActiveCfg = Release|Any CPU
		{EB1B6295-D66E-4667-9B97-88767BF891E3}.Release|Any CPU.Build.0 = Release|Any CPU
	EndGlobalSection
	GlobalSection(SolutionProperties) = preSolution
		HideSolutionNode = FALSE
	EndGlobalSection
	GlobalSection(ExtensibilityGlobals) = postSolution
		SolutionGuid = {A9343D55-477C-45AE-8FEB-E4D7250981B4}
	EndGlobalSection
EndGlobal
