
Microsoft Visual Studio Solution File, Format Version 12.00
# Visual Studio Version 17
VisualStudioVersion = 17.11.35327.3
MinimumVisualStudioVersion = 10.0.40219.1
Project("{FAE04EC0-301F-11D3-BF4B-00C04F79EFBC}") = "10 pamoka for ciklas", "10 pamoka for ciklas\10 pamoka for ciklas.csproj", "{AF1F1745-53B8-48BC-ADA2-564A61C3151D}"
EndProject
Global
	GlobalSection(SolutionConfigurationPlatforms) = preSolution
		Debug|Any CPU = Debug|Any CPU
		Release|Any CPU = Release|Any CPU
	EndGlobalSection
	GlobalSection(ProjectConfigurationPlatforms) = postSolution
		{AF1F1745-53B8-48BC-ADA2-564A61C3151D}.Debug|Any CPU.ActiveCfg = Debug|Any CPU
		{AF1F1745-53B8-48BC-ADA2-564A61C3151D}.Debug|Any CPU.Build.0 = Debug|Any CPU
		{AF1F1745-53B8-48BC-ADA2-564A61C3151D}.Release|Any CPU.ActiveCfg = Release|Any CPU
		{AF1F1745-53B8-48BC-ADA2-564A61C3151D}.Release|Any CPU.Build.0 = Release|Any CPU
	EndGlobalSection
	GlobalSection(SolutionProperties) = preSolution
		HideSolutionNode = FALSE
	EndGlobalSection
	GlobalSection(ExtensibilityGlobals) = postSolution
		SolutionGuid = {ED3DDD90-866A-4C7A-BDD3-9689EDF3FB41}
	EndGlobalSection
EndGlobal
